# This is a Gradle generated file for dependency locking.
# Manual edits can break the build and are not advised.
# This file is expected to be part of source control.
junit:junit:4.13.2=testCompileClasspath,testRuntimeClasspath
org.bouncycastle:bcprov-jdk18on:1.78.1=compileClasspath,runtimeClasspath,testCompileClasspath,testRuntimeClasspath
org.hamcrest:hamcrest-core:1.3=testCompileClasspath,testRuntimeClasspath
org.hyperledger.iroha.sdk:core-jvm:2.0.0-rc.2.1-fearless-mobile-sdk.3=compileClasspath,runtimeClasspath,testCompileClasspath,testRuntimeClasspath
org.jetbrains.kotlin:kotlin-stdlib:2.1.10=compileClasspath,runtimeClasspath,testCompileClasspath,testRuntimeClasspath
empty=annotationProcessor,cleanedAnnotations,testAnnotationProcessor
